
Microsoft Visual Studio Solution File, Format Version 10.00
# Visual Studio 2008
Project("{FAE04EC0-301F-11D3-BF4B-00C04F79EFBC}") = "Vista", "ProyectoTesis\Vista.csproj", "{3B307103-EE56-4D2D-BE8A-5278AECA38FB}"
EndProject
Project("{FAE04EC0-301F-11D3-BF4B-00C04F79EFBC}") = "Modelo", "Modelo\Modelo.csproj", "{F187C7E7-F140-4160-83B0-8D79ADA801D1}"
EndProject
Project("{FAE04EC0-301F-11D3-BF4B-00C04F79EFBC}") = "Control", "Control\Control.csproj", "{8AFF3753-52CC-4D8D-B416-259D97A76E9D}"
EndProject
Global
	GlobalSection(SolutionConfigurationPlatforms) = preSolution
		Debug|Any CPU = Debug|Any CPU
		Release|Any CPU = Release|Any CPU
	EndGlobalSection
	GlobalSection(ProjectConfigurationPlatforms) = postSolution
		{3B307103-EE56-4D2D-BE8A-5278AECA38FB}.Debug|Any CPU.ActiveCfg = Debug|Any CPU
		{3B307103-EE56-4D2D-BE8A-5278AECA38FB}.Debug|Any CPU.Build.0 = Debug|Any CPU
		{3B307103-EE56-4D2D-BE8A-5278AECA38FB}.Release|Any CPU.ActiveCfg = Release|Any CPU
		{3B307103-EE56-4D2D-BE8A-5278AECA38FB}.Release|Any CPU.Build.0 = Release|Any CPU
		{F187C7E7-F140-4160-83B0-8D79ADA801D1}.Debug|Any CPU.ActiveCfg = Debug|Any CPU
		{F187C7E7-F140-4160-83B0-8D79ADA801D1}.Debug|Any CPU.Build.0 = Debug|Any CPU
		{F187C7E7-F140-4160-83B0-8D79ADA801D1}.Release|Any CPU.ActiveCfg = Release|Any CPU
		{F187C7E7-F140-4160-83B0-8D79ADA801D1}.Release|Any CPU.Build.0 = Release|Any CPU
		{8AFF3753-52CC-4D8D-B416-259D97A76E9D}.Debug|Any CPU.ActiveCfg = Debug|Any CPU
		{8AFF3753-52CC-4D8D-B416-259D97A76E9D}.Debug|Any CPU.Build.0 = Debug|Any CPU
		{8AFF3753-52CC-4D8D-B416-259D97A76E9D}.Release|Any CPU.ActiveCfg = Release|Any CPU
		{8AFF3753-52CC-4D8D-B416-259D97A76E9D}.Release|Any CPU.Build.0 = Release|Any CPU
	EndGlobalSection
	GlobalSection(SolutionProperties) = preSolution
		HideSolutionNode = FALSE
	EndGlobalSection
EndGlobal
