
Microsoft Visual Studio Solution File, Format Version 10.00
# Visual Studio 2008
Project("{FAE04EC0-301F-11D3-BF4B-00C04F79EFBC}") = "Vista", "SistemaCentroSalud\Vista.csproj", "{6B055267-7DEE-4004-BE99-98FDEC24CF2B}"
EndProject
Project("{FAE04EC0-301F-11D3-BF4B-00C04F79EFBC}") = "Modelo", "Modelo\Modelo.csproj", "{8EC5EFF5-38D2-4EC4-8B6B-96E658A3DF40}"
EndProject
Project("{FAE04EC0-301F-11D3-BF4B-00C04F79EFBC}") = "Control", "Control\Control.csproj", "{D534FCEC-2B4E-49D0-8D1A-29B0F88C3D9C}"
EndProject
Project("{FAE04EC0-301F-11D3-BF4B-00C04F79EFBC}") = "Comun", "Comun\Comun.csproj", "{4F97EC5E-83B4-4E74-9282-9EDAD97802A1}"
EndProject
Project("{FAE04EC0-301F-11D3-BF4B-00C04F79EFBC}") = "Acceso", "Acceso\Acceso.csproj", "{48A5539D-FC13-4B1E-8360-0ABB7BCB76BE}"
EndProject
Global
	GlobalSection(SolutionConfigurationPlatforms) = preSolution
		Debug|Any CPU = Debug|Any CPU
		Release|Any CPU = Release|Any CPU
	EndGlobalSection
	GlobalSection(ProjectConfigurationPlatforms) = postSolution
		{6B055267-7DEE-4004-BE99-98FDEC24CF2B}.Debug|Any CPU.ActiveCfg = Debug|Any CPU
		{6B055267-7DEE-4004-BE99-98FDEC24CF2B}.Debug|Any CPU.Build.0 = Debug|Any CPU
		{6B055267-7DEE-4004-BE99-98FDEC24CF2B}.Release|Any CPU.ActiveCfg = Release|Any CPU
		{6B055267-7DEE-4004-BE99-98FDEC24CF2B}.Release|Any CPU.Build.0 = Release|Any CPU
		{8EC5EFF5-38D2-4EC4-8B6B-96E658A3DF40}.Debug|Any CPU.ActiveCfg = Debug|Any CPU
		{8EC5EFF5-38D2-4EC4-8B6B-96E658A3DF40}.Debug|Any CPU.Build.0 = Debug|Any CPU
		{8EC5EFF5-38D2-4EC4-8B6B-96E658A3DF40}.Release|Any CPU.ActiveCfg = Release|Any CPU
		{8EC5EFF5-38D2-4EC4-8B6B-96E658A3DF40}.Release|Any CPU.Build.0 = Release|Any CPU
		{D534FCEC-2B4E-49D0-8D1A-29B0F88C3D9C}.Debug|Any CPU.ActiveCfg = Debug|Any CPU
		{D534FCEC-2B4E-49D0-8D1A-29B0F88C3D9C}.Debug|Any CPU.Build.0 = Debug|Any CPU
		{D534FCEC-2B4E-49D0-8D1A-29B0F88C3D9C}.Release|Any CPU.ActiveCfg = Release|Any CPU
		{D534FCEC-2B4E-49D0-8D1A-29B0F88C3D9C}.Release|Any CPU.Build.0 = Release|Any CPU
		{4F97EC5E-83B4-4E74-9282-9EDAD97802A1}.Debug|Any CPU.ActiveCfg = Debug|Any CPU
		{4F97EC5E-83B4-4E74-9282-9EDAD97802A1}.Debug|Any CPU.Build.0 = Debug|Any CPU
		{4F97EC5E-83B4-4E74-9282-9EDAD97802A1}.Release|Any CPU.ActiveCfg = Release|Any CPU
		{4F97EC5E-83B4-4E74-9282-9EDAD97802A1}.Release|Any CPU.Build.0 = Release|Any CPU
		{48A5539D-FC13-4B1E-8360-0ABB7BCB76BE}.Debug|Any CPU.ActiveCfg = Debug|Any CPU
		{48A5539D-FC13-4B1E-8360-0ABB7BCB76BE}.Debug|Any CPU.Build.0 = Debug|Any CPU
		{48A5539D-FC13-4B1E-8360-0ABB7BCB76BE}.Release|Any CPU.ActiveCfg = Release|Any CPU
		{48A5539D-FC13-4B1E-8360-0ABB7BCB76BE}.Release|Any CPU.Build.0 = Release|Any CPU
	EndGlobalSection
	GlobalSection(SolutionProperties) = preSolution
		HideSolutionNode = FALSE
	EndGlobalSection
EndGlobal
